
Microsoft Visual Studio Solution File, Format Version 12.00
# Visual Studio Version 17
VisualStudioVersion = 17.4.33103.184
MinimumVisualStudioVersion = 10.0.40219.1
Project("{FAE04EC0-301F-11D3-BF4B-00C04F79EFBC}") = "calculette", "calculette\calculette.csproj", "{020224D5-30DE-4655-A570-B49A9F8040B8}"
EndProject
Global
	GlobalSection(SolutionConfigurationPlatforms) = preSolution
		Debug|Any CPU = Debug|Any CPU
		Release|Any CPU = Release|Any CPU
	EndGlobalSection
	GlobalSection(ProjectConfigurationPlatforms) = postSolution
		{020224D5-30DE-4655-A570-B49A9F8040B8}.Debug|Any CPU.ActiveCfg = Debug|Any CPU
		{020224D5-30DE-4655-A570-B49A9F8040B8}.Debug|Any CPU.Build.0 = Debug|Any CPU
		{020224D5-30DE-4655-A570-B49A9F8040B8}.Release|Any CPU.ActiveCfg = Release|Any CPU
		{020224D5-30DE-4655-A570-B49A9F8040B8}.Release|Any CPU.Build.0 = Release|Any CPU
	EndGlobalSection
	GlobalSection(SolutionProperties) = preSolution
		HideSolutionNode = FALSE
	EndGlobalSection
	GlobalSection(ExtensibilityGlobals) = postSolution
		SolutionGuid = {8B2ECD3E-9145-4CAA-9B20-E11D9C02573B}
	EndGlobalSection
EndGlobal
